
Microsoft Visual Studio Solution File, Format Version 12.00
# Visual Studio Version 16
VisualStudioVersion = 16.0.29326.143
MinimumVisualStudioVersion = 10.0.40219.1
Project("{9A19103F-16F7-4668-BE54-9A1E7A4F7556}") = "CacheTower", "src\CacheTower\CacheTower.csproj", "{BF3D00C3-F61B-4271-8DC0-6FA5CB3B2B0C}"
EndProject
Project("{2150E333-8FDC-42A3-9474-1A3956D46DE8}") = "src", "src", "{E261C038-498E-4F5A-B2D7-B79AB36FFEB0}"
	ProjectSection(SolutionItems) = preProject
		src\Directory.build.props = src\Directory.build.props
	EndProjectSection
EndProject
Project("{2150E333-8FDC-42A3-9474-1A3956D46DE8}") = "tests", "tests", "{91095A10-6DD6-412A-B47A-ADD020DB7DF5}"
EndProject
Project("{9A19103F-16F7-4668-BE54-9A1E7A4F7556}") = "CacheTower.Tests", "tests\CacheTower.Tests\CacheTower.Tests.csproj", "{61A28743-8CD4-4CB9-9C39-6796E3DFC1A5}"
EndProject
Project("{2150E333-8FDC-42A3-9474-1A3956D46DE8}") = "global", "global", "{28E0B5FC-C8CB-4369-83A4-1576D870672E}"
	ProjectSection(SolutionItems) = preProject
		.appveyor.yml = .appveyor.yml
		.codecov.yml = .codecov.yml
		.editorconfig = .editorconfig
		.gitignore = .gitignore
		build.appveyor.ps1 = build.appveyor.ps1
		build.ps1 = build.ps1
		buildconfig.json = buildconfig.json
		License.txt = License.txt
		README.md = README.md
	EndProjectSection
EndProject
Project("{9A19103F-16F7-4668-BE54-9A1E7A4F7556}") = "CacheTower.Benchmarks", "tests\CacheTower.Benchmarks\CacheTower.Benchmarks.csproj", "{69B32250-DCB9-430E-8DBA-7EBFE5ECD032}"
EndProject
Project("{9A19103F-16F7-4668-BE54-9A1E7A4F7556}") = "CacheTower.Providers.FileSystem.Json", "src\CacheTower.Providers.FileSystem.Json\CacheTower.Providers.FileSystem.Json.csproj", "{A2BFB1FA-A086-4761-9FFF-7EE0F75A14EB}"
EndProject
Global
	GlobalSection(SolutionConfigurationPlatforms) = preSolution
		Debug|Any CPU = Debug|Any CPU
		Release|Any CPU = Release|Any CPU
	EndGlobalSection
	GlobalSection(ProjectConfigurationPlatforms) = postSolution
		{BF3D00C3-F61B-4271-8DC0-6FA5CB3B2B0C}.Debug|Any CPU.ActiveCfg = Debug|Any CPU
		{BF3D00C3-F61B-4271-8DC0-6FA5CB3B2B0C}.Debug|Any CPU.Build.0 = Debug|Any CPU
		{BF3D00C3-F61B-4271-8DC0-6FA5CB3B2B0C}.Release|Any CPU.ActiveCfg = Release|Any CPU
		{BF3D00C3-F61B-4271-8DC0-6FA5CB3B2B0C}.Release|Any CPU.Build.0 = Release|Any CPU
		{61A28743-8CD4-4CB9-9C39-6796E3DFC1A5}.Debug|Any CPU.ActiveCfg = Debug|Any CPU
		{61A28743-8CD4-4CB9-9C39-6796E3DFC1A5}.Debug|Any CPU.Build.0 = Debug|Any CPU
		{61A28743-8CD4-4CB9-9C39-6796E3DFC1A5}.Release|Any CPU.ActiveCfg = Release|Any CPU
		{61A28743-8CD4-4CB9-9C39-6796E3DFC1A5}.Release|Any CPU.Build.0 = Release|Any CPU
		{69B32250-DCB9-430E-8DBA-7EBFE5ECD032}.Debug|Any CPU.ActiveCfg = Debug|Any CPU
		{69B32250-DCB9-430E-8DBA-7EBFE5ECD032}.Debug|Any CPU.Build.0 = Debug|Any CPU
		{69B32250-DCB9-430E-8DBA-7EBFE5ECD032}.Release|Any CPU.ActiveCfg = Release|Any CPU
		{69B32250-DCB9-430E-8DBA-7EBFE5ECD032}.Release|Any CPU.Build.0 = Release|Any CPU
		{A2BFB1FA-A086-4761-9FFF-7EE0F75A14EB}.Debug|Any CPU.ActiveCfg = Debug|Any CPU
		{A2BFB1FA-A086-4761-9FFF-7EE0F75A14EB}.Debug|Any CPU.Build.0 = Debug|Any CPU
		{A2BFB1FA-A086-4761-9FFF-7EE0F75A14EB}.Release|Any CPU.ActiveCfg = Release|Any CPU
		{A2BFB1FA-A086-4761-9FFF-7EE0F75A14EB}.Release|Any CPU.Build.0 = Release|Any CPU
	EndGlobalSection
	GlobalSection(SolutionProperties) = preSolution
		HideSolutionNode = FALSE
	EndGlobalSection
	GlobalSection(NestedProjects) = preSolution
		{BF3D00C3-F61B-4271-8DC0-6FA5CB3B2B0C} = {E261C038-498E-4F5A-B2D7-B79AB36FFEB0}
		{61A28743-8CD4-4CB9-9C39-6796E3DFC1A5} = {91095A10-6DD6-412A-B47A-ADD020DB7DF5}
		{69B32250-DCB9-430E-8DBA-7EBFE5ECD032} = {91095A10-6DD6-412A-B47A-ADD020DB7DF5}
		{A2BFB1FA-A086-4761-9FFF-7EE0F75A14EB} = {E261C038-498E-4F5A-B2D7-B79AB36FFEB0}
	EndGlobalSection
	GlobalSection(ExtensibilityGlobals) = postSolution
		SolutionGuid = {F159337A-B345-49EE-8D58-A72EF1643174}
	EndGlobalSection
EndGlobal
